{
  "version": 4,
  "terraform_version": "1.4.6",
  "serial": 158,
  "lineage": "92b0d8ce-6be5-19b1-4187-16b3a4dc14c6",
  "outputs": {},
  "resources": [
    {
      "mode": "managed",
      "type": "google_compute_firewall",
      "name": "lais-fwlpri-ref",
      "provider": "provider[\"registry.terraform.io/hashicorp/google\"]",
      "instances": [
        {
          "schema_version": 1,
          "attributes": {
            "allow": [
              {
                "ports": [
                  "22",
                  "3306"
                ],
                "protocol": "tcp"
              },
              {
                "ports": [],
                "protocol": "icmp"
              }
            ],
            "creation_timestamp": "2023-05-08T13:02:59.236-07:00",
            "deny": [],
            "description": "",
            "destination_ranges": [],
            "direction": "INGRESS",
            "disabled": false,
            "enable_logging": null,
            "id": "projects/ces-igniteprogram/global/firewalls/lais-fwlpri-df",
            "log_config": [],
            "name": "lais-fwlpri-df",
            "network": "https://www.googleapis.com/compute/v1/projects/ces-igniteprogram/global/networks/lais-vpc-df",
            "priority": 1000,
            "project": "ces-igniteprogram",
            "self_link": "https://www.googleapis.com/compute/v1/projects/ces-igniteprogram/global/firewalls/lais-fwlpri-df",
            "source_ranges": [
              "10.0.4.0/24"
            ],
            "source_service_accounts": [],
            "source_tags": [],
            "target_service_accounts": [],
            "target_tags": [
              "private-fwl"
            ],
            "timeouts": null
          },
          "sensitive_attributes": [],
          "private": "eyJlMmJmYjczMC1lY2FhLTExZTYtOGY4OC0zNDM2M2JjN2M0YzAiOnsiY3JlYXRlIjoxMjAwMDAwMDAwMDAwLCJkZWxldGUiOjEyMDAwMDAwMDAwMDAsInVwZGF0ZSI6MTIwMDAwMDAwMDAwMH0sInNjaGVtYV92ZXJzaW9uIjoiMSJ9"
        }
      ]
    },
    {
      "mode": "managed",
      "type": "google_compute_firewall",
      "name": "lais-fwlpub-ref",
      "provider": "provider[\"registry.terraform.io/hashicorp/google\"]",
      "instances": [
        {
          "schema_version": 1,
          "attributes": {
            "allow": [
              {
                "ports": [
                  "80",
                  "22"
                ],
                "protocol": "tcp"
              },
              {
                "ports": [],
                "protocol": "icmp"
              }
            ],
            "creation_timestamp": "2023-05-08T13:02:59.180-07:00",
            "deny": [],
            "description": "",
            "destination_ranges": [],
            "direction": "INGRESS",
            "disabled": false,
            "enable_logging": null,
            "id": "projects/ces-igniteprogram/global/firewalls/lais-fwlpub-df",
            "log_config": [],
            "name": "lais-fwlpub-df",
            "network": "https://www.googleapis.com/compute/v1/projects/ces-igniteprogram/global/networks/lais-vpc-df",
            "priority": 1000,
            "project": "ces-igniteprogram",
            "self_link": "https://www.googleapis.com/compute/v1/projects/ces-igniteprogram/global/firewalls/lais-fwlpub-df",
            "source_ranges": [
              "0.0.0.0/0"
            ],
            "source_service_accounts": [],
            "source_tags": [],
            "target_service_accounts": [],
            "target_tags": [
              "public-fwl"
            ],
            "timeouts": null
          },
          "sensitive_attributes": [],
          "private": "eyJlMmJmYjczMC1lY2FhLTExZTYtOGY4OC0zNDM2M2JjN2M0YzAiOnsiY3JlYXRlIjoxMjAwMDAwMDAwMDAwLCJkZWxldGUiOjEyMDAwMDAwMDAwMDAsInVwZGF0ZSI6MTIwMDAwMDAwMDAwMH0sInNjaGVtYV92ZXJzaW9uIjoiMSJ9"
        }
      ]
    },
    {
      "mode": "managed",
      "type": "google_compute_network",
      "name": "lais-vpc-ref",
      "provider": "provider[\"registry.terraform.io/hashicorp/google\"]",
      "instances": [
        {
          "schema_version": 0,
          "attributes": {
            "auto_create_subnetworks": false,
            "delete_default_routes_on_create": false,
            "description": "",
            "enable_ula_internal_ipv6": false,
            "gateway_ipv4": "",
            "id": "projects/ces-igniteprogram/global/networks/lais-vpc-df",
            "internal_ipv6_range": "",
            "mtu": 0,
            "name": "lais-vpc-df",
            "network_firewall_policy_enforcement_order": "AFTER_CLASSIC_FIREWALL",
            "project": "ces-igniteprogram",
            "routing_mode": "REGIONAL",
            "self_link": "https://www.googleapis.com/compute/v1/projects/ces-igniteprogram/global/networks/lais-vpc-df",
            "timeouts": null
          },
          "sensitive_attributes": [],
          "private": "eyJlMmJmYjczMC1lY2FhLTExZTYtOGY4OC0zNDM2M2JjN2M0YzAiOnsiY3JlYXRlIjoxMjAwMDAwMDAwMDAwLCJkZWxldGUiOjEyMDAwMDAwMDAwMDAsInVwZGF0ZSI6MTIwMDAwMDAwMDAwMH19"
        }
      ]
    },
    {
      "mode": "managed",
      "type": "google_compute_router",
      "name": "lais-router-ref",
      "provider": "provider[\"registry.terraform.io/hashicorp/google\"]",
      "instances": [
        {
          "schema_version": 0,
          "attributes": {
            "bgp": [
              {
                "advertise_mode": "CUSTOM",
                "advertised_groups": [],
                "advertised_ip_ranges": [],
                "asn": 64514,
                "keepalive_interval": 20
              }
            ],
            "creation_timestamp": "2023-05-08T12:48:19.327-07:00",
            "description": "",
            "encrypted_interconnect_router": false,
            "id": "projects/ces-igniteprogram/regions/us-east1/routers/lais-router-df",
            "name": "lais-router-df",
            "network": "https://www.googleapis.com/compute/v1/projects/ces-igniteprogram/global/networks/lais-vpc-df",
            "project": "ces-igniteprogram",
            "region": "us-east1",
            "self_link": "https://www.googleapis.com/compute/v1/projects/ces-igniteprogram/regions/us-east1/routers/lais-router-df",
            "timeouts": null
          },
          "sensitive_attributes": [],
          "private": "eyJlMmJmYjczMC1lY2FhLTExZTYtOGY4OC0zNDM2M2JjN2M0YzAiOnsiY3JlYXRlIjoxMjAwMDAwMDAwMDAwLCJkZWxldGUiOjEyMDAwMDAwMDAwMDAsInVwZGF0ZSI6MTIwMDAwMDAwMDAwMH19",
          "dependencies": [
            "google_compute_network.lais-vpc-ref"
          ]
        }
      ]
    },
    {
      "mode": "managed",
      "type": "google_compute_router_nat",
      "name": "nat",
      "provider": "provider[\"registry.terraform.io/hashicorp/google\"]",
      "instances": [
        {
          "schema_version": 0,
          "attributes": {
            "drain_nat_ips": [],
            "enable_dynamic_port_allocation": false,
            "enable_endpoint_independent_mapping": true,
            "icmp_idle_timeout_sec": 30,
            "id": "ces-igniteprogram/us-east1/lais-router-df/lais-nat-terraform",
            "log_config": [],
            "max_ports_per_vm": 0,
            "min_ports_per_vm": 0,
            "name": "lais-nat-terraform",
            "nat_ip_allocate_option": "AUTO_ONLY",
            "nat_ips": [],
            "project": "ces-igniteprogram",
            "region": "us-east1",
            "router": "lais-router-df",
            "rules": [],
            "source_subnetwork_ip_ranges_to_nat": "LIST_OF_SUBNETWORKS",
            "subnetwork": [
              {
                "name": "https://www.googleapis.com/compute/v1/projects/ces-igniteprogram/regions/us-east1/subnetworks/lais-subpri-df",
                "secondary_ip_range_names": [],
                "source_ip_ranges_to_nat": [
                  "ALL_IP_RANGES"
                ]
              }
            ],
            "tcp_established_idle_timeout_sec": 1200,
            "tcp_time_wait_timeout_sec": 120,
            "tcp_transitory_idle_timeout_sec": 30,
            "timeouts": null,
            "udp_idle_timeout_sec": 30
          },
          "sensitive_attributes": [],
          "private": "eyJlMmJmYjczMC1lY2FhLTExZTYtOGY4OC0zNDM2M2JjN2M0YzAiOnsiY3JlYXRlIjoxMjAwMDAwMDAwMDAwLCJkZWxldGUiOjEyMDAwMDAwMDAwMDAsInVwZGF0ZSI6MTIwMDAwMDAwMDAwMH19",
          "dependencies": [
            "google_compute_network.lais-vpc-ref",
            "google_compute_router.lais-router-ref"
          ]
        }
      ]
    },
    {
      "mode": "managed",
      "type": "google_compute_subnetwork",
      "name": "lais-subpri-ref",
      "provider": "provider[\"registry.terraform.io/hashicorp/google\"]",
      "instances": [
        {
          "schema_version": 0,
          "attributes": {
            "creation_timestamp": "2023-05-08T12:48:19.401-07:00",
            "description": "",
            "external_ipv6_prefix": "",
            "fingerprint": null,
            "gateway_address": "10.0.5.1",
            "id": "projects/ces-igniteprogram/regions/us-east1/subnetworks/lais-subpri-df",
            "ip_cidr_range": "10.0.5.0/24",
            "ipv6_access_type": "",
            "ipv6_cidr_range": "",
            "log_config": [],
            "name": "lais-subpri-df",
            "network": "https://www.googleapis.com/compute/v1/projects/ces-igniteprogram/global/networks/lais-vpc-df",
            "private_ip_google_access": true,
            "private_ipv6_google_access": "DISABLE_GOOGLE_ACCESS",
            "project": "ces-igniteprogram",
            "purpose": "PRIVATE",
            "region": "us-east1",
            "role": "",
            "secondary_ip_range": [],
            "self_link": "https://www.googleapis.com/compute/v1/projects/ces-igniteprogram/regions/us-east1/subnetworks/lais-subpri-df",
            "stack_type": "IPV4_ONLY",
            "timeouts": null
          },
          "sensitive_attributes": [],
          "private": "eyJlMmJmYjczMC1lY2FhLTExZTYtOGY4OC0zNDM2M2JjN2M0YzAiOnsiY3JlYXRlIjoxMjAwMDAwMDAwMDAwLCJkZWxldGUiOjEyMDAwMDAwMDAwMDAsInVwZGF0ZSI6MTIwMDAwMDAwMDAwMH19",
          "dependencies": [
            "google_compute_network.lais-vpc-ref"
          ]
        }
      ]
    },
    {
      "mode": "managed",
      "type": "google_compute_subnetwork",
      "name": "lais-subpub-ref",
      "provider": "provider[\"registry.terraform.io/hashicorp/google\"]",
      "instances": [
        {
          "schema_version": 0,
          "attributes": {
            "creation_timestamp": "2023-05-08T12:48:20.437-07:00",
            "description": "",
            "external_ipv6_prefix": "",
            "fingerprint": null,
            "gateway_address": "10.0.4.1",
            "id": "projects/ces-igniteprogram/regions/us-east1/subnetworks/lais-subpub-df",
            "ip_cidr_range": "10.0.4.0/24",
            "ipv6_access_type": "",
            "ipv6_cidr_range": "",
            "log_config": [],
            "name": "lais-subpub-df",
            "network": "https://www.googleapis.com/compute/v1/projects/ces-igniteprogram/global/networks/lais-vpc-df",
            "private_ip_google_access": false,
            "private_ipv6_google_access": "DISABLE_GOOGLE_ACCESS",
            "project": "ces-igniteprogram",
            "purpose": "PRIVATE",
            "region": "us-east1",
            "role": "",
            "secondary_ip_range": [],
            "self_link": "https://www.googleapis.com/compute/v1/projects/ces-igniteprogram/regions/us-east1/subnetworks/lais-subpub-df",
            "stack_type": "IPV4_ONLY",
            "timeouts": null
          },
          "sensitive_attributes": [],
          "private": "eyJlMmJmYjczMC1lY2FhLTExZTYtOGY4OC0zNDM2M2JjN2M0YzAiOnsiY3JlYXRlIjoxMjAwMDAwMDAwMDAwLCJkZWxldGUiOjEyMDAwMDAwMDAwMDAsInVwZGF0ZSI6MTIwMDAwMDAwMDAwMH19",
          "dependencies": [
            "google_compute_network.lais-vpc-ref"
          ]
        }
      ]
    },
    {
      "mode": "managed",
      "type": "google_container_cluster",
      "name": "lais-clustergke-ref",
      "provider": "provider[\"registry.terraform.io/hashicorp/google\"]",
      "instances": [
        {
          "schema_version": 1,
          "attributes": {
            "addons_config": [
              {
                "cloudrun_config": [],
                "config_connector_config": [],
                "dns_cache_config": [],
                "gce_persistent_disk_csi_driver_config": [
                  {
                    "enabled": true
                  }
                ],
                "gcp_filestore_csi_driver_config": [],
                "gke_backup_agent_config": [],
                "horizontal_pod_autoscaling": [],
                "http_load_balancing": [],
                "network_policy_config": [
                  {
                    "disabled": true
                  }
                ]
              }
            ],
            "authenticator_groups_config": [],
            "binary_authorization": [
              {
                "enabled": false,
                "evaluation_mode": ""
              }
            ],
            "cluster_autoscaling": [
              {
                "auto_provisioning_defaults": [],
                "enabled": false,
                "resource_limits": []
              }
            ],
            "cluster_ipv4_cidr": "10.204.0.0/14",
            "confidential_nodes": [],
            "cost_management_config": [],
            "database_encryption": [
              {
                "key_name": "",
                "state": "DECRYPTED"
              }
            ],
            "datapath_provider": "",
            "default_max_pods_per_node": null,
            "default_snat_status": [
              {
                "disabled": false
              }
            ],
            "description": "",
            "dns_config": [],
            "enable_autopilot": false,
            "enable_binary_authorization": false,
            "enable_intranode_visibility": false,
            "enable_kubernetes_alpha": false,
            "enable_l4_ilb_subsetting": false,
            "enable_legacy_abac": false,
            "enable_shielded_nodes": true,
            "enable_tpu": false,
            "endpoint": "34.138.229.163",
            "gateway_api_config": [],
            "id": "projects/ces-igniteprogram/locations/us-east1/clusters/lais-clustergke-df",
            "initial_node_count": 1,
            "ip_allocation_policy": [],
            "label_fingerprint": "a9dc16a7",
            "location": "us-east1",
            "logging_config": [
              {
                "enable_components": [
                  "SYSTEM_COMPONENTS",
                  "WORKLOADS"
                ]
              }
            ],
            "logging_service": "logging.googleapis.com/kubernetes",
            "maintenance_policy": [],
            "master_auth": [
              {
                "client_certificate": "",
                "client_certificate_config": [
                  {
                    "issue_client_certificate": false
                  }
                ],
                "client_key": "",
                "cluster_ca_certificate": "LS0tLS1CRUdJTiBDRVJUSUZJQ0FURS0tLS0tCk1JSUVMRENDQXBTZ0F3SUJBZ0lRVTZZZUowbE5NK2Y2eGRoREUvSTdXekFOQmdrcWhraUc5dzBCQVFzRkFEQXYKTVMwd0t3WURWUVFERXlRMFpUbGlObUl5TUMxbE1qaGhMVFEyTVdJdFlXVmlOaTB6WlRnMU4yTmxOVEZqWXpjdwpJQmNOTWpNd05UQTRNVGcwT0RNeFdoZ1BNakExTXpBME16QXhPVFE0TXpGYU1DOHhMVEFyQmdOVkJBTVRKRFJsCk9XSTJZakl3TFdVeU9HRXRORFl4WWkxaFpXSTJMVE5sT0RVM1kyVTFNV05qTnpDQ0FhSXdEUVlKS29aSWh2Y04KQVFFQkJRQURnZ0dQQURDQ0FZb0NnZ0dCQUs3emlSTkF6ejArVVpGeDlOcjJjVm1QTzJ1bWdFNklpMVpsdTdiLwpTV0I2cXhhQ2VybjgwZStKdU53NVJvTFlBd3lWWjJIVHNYZlZ4L256djA1S0FqYlNHRFcrWnNrZWpWd0N2TGRZCkhtWisremFNVXZYcERWeE1BTHcrZngrTHFxTlY1ZHNrYzVEczgzY3I3cTB4SHZoM0Nha0FJQjQxSFp5Y1hZbUIKVENxdGx4aE9xbkZzeGtYVTFMLzVsVDJCSm1JY2lWOXNXNmJNVWdUQXhSaVA1dGNjNFcxMklvSngxN2orRlRnaQpPOE9OaXhaME1NOTJXSDJnZGJDenBUM28rUm1UejB0dnlDYkFyM1FWakxsRjVwcWVFOE1jUUZMdE1wVG4ycmlhCmR5c1NwTEVPKzc3akZ6Q0xkWUhPcVpKT0J0ZU9WalVEUTk0bUZLdW5MSGJoVHc0V1hFQnNZTitUd3F6SW55NXAKbVh6VWpycXhtc1VpcGVYbHhlcllsNkdhT3g5RmczWnNxWTVwSU1oaDhTS1EzL3RMRlRCSThGSzJHdk1BU2ZyawowY3NiR3NxOS9nZ2E5VTE2VEFqOUtYQ2pqeDU0ZFYrOWRNeVFHd1NCL3Z4VllKc2xuL01pZWZNNDU3SXFxQjZYCk5zV0pEUkpGckxmK2RLVzlDa3JGQ3Ard0p3SURBUUFCbzBJd1FEQU9CZ05WSFE4QkFmOEVCQU1DQWdRd0R3WUQKVlIwVEFRSC9CQVV3QXdFQi96QWRCZ05WSFE0RUZnUVVyZjRPb1RwL2ZjdHh1UGZaY1dlcjhEK3cwV2N3RFFZSgpLb1pJaHZjTkFRRUxCUUFEZ2dHQkFBcnFJay8ydG1hRG9UNUVUS0JkQUV3OHB2WFlaSWtzZnE3M1dFM3l4Q2M5Clp3NkZRQUZ3dTdFdzRiWlp3V2JVZmNHTEFjclY1bHJ6eVkzMFEvTjc0MXhkcEp3cjJCd3d1Tk1QSmRicFNYMGUKSXU2enRzcG8rWlBLV1BQcEo2U2UwRjMwQkFuMWI3amdPSm5sNFdGTTdISTkva0Mwb25OSkZMQ25MdmozSUdNaApLRGlhMWEzODcxQWZNMlBhTnZNcDFoZFd4WktrTFVMN3ZTQ0tKbEI3UnlmZjlVSnA3bEVYOGgvbE5PRlNyRzNFCmRSTTFBdTMxK25ISlIxQ3l1SVNDTVUybVJYNURiMEhscXY1b3owRjBlWlF2SW5VMTdWaUxrbGR1Q3BoNW00MEEKdnl2dVhmYlJMRVhuZXUySDVqampzMHVLTW9DTjQ0elQrdHFDZ2pzN3A1NlJkTTJYY2tvVGwyWFRNQ3h6cDBCeApvaDRJS2lONEwyTG1wNVN1V1JDbzdkMDFGM0tHdlFIclY2bkFPTmIxSkNUK3lCTGNlUjdrcXc2eEhtdEhLcG9BCjRidmoxSW5LZEhoWURMbEI0VnQ4NTZ5YVNSc0JhNEwxaUZLV3dtNlJ1WkhwTjhYZ3dNOE5KRFQ5ZEZMOUF2L2cKMTY5MXlVdUMrTURoR3NHSnhUbkN3dz09Ci0tLS0tRU5EIENFUlRJRklDQVRFLS0tLS0K"
              }
            ],
            "master_authorized_networks_config": [],
            "master_version": "1.25.7-gke.1000",
            "mesh_certificates": [],
            "min_master_version": null,
            "monitoring_config": [
              {
                "enable_components": [
                  "SYSTEM_COMPONENTS"
                ],
                "managed_prometheus": []
              }
            ],
            "monitoring_service": "monitoring.googleapis.com/kubernetes",
            "name": "lais-clustergke-df",
            "network": "projects/ces-igniteprogram/global/networks/lais-vpc-df",
            "network_policy": [
              {
                "enabled": false,
                "provider": "PROVIDER_UNSPECIFIED"
              }
            ],
            "networking_mode": "ROUTES",
            "node_config": [
              {
                "advanced_machine_features": [],
                "boot_disk_kms_key": "",
                "disk_size_gb": 10,
                "disk_type": "pd-balanced",
                "ephemeral_storage_local_ssd_config": [],
                "gcfs_config": [],
                "guest_accelerator": [],
                "gvnic": [],
                "image_type": "COS_CONTAINERD",
                "kubelet_config": [],
                "labels": {},
                "linux_node_config": [],
                "local_nvme_ssd_block_config": [],
                "local_ssd_count": 0,
                "logging_variant": "DEFAULT",
                "machine_type": "e2-medium",
                "metadata": {
                  "disable-legacy-endpoints": "true"
                },
                "min_cpu_platform": "",
                "node_group": "",
                "oauth_scopes": [
                  "https://www.googleapis.com/auth/logging.write",
                  "https://www.googleapis.com/auth/monitoring"
                ],
                "preemptible": false,
                "reservation_affinity": [],
                "resource_labels": {},
                "service_account": "default",
                "shielded_instance_config": [
                  {
                    "enable_integrity_monitoring": true,
                    "enable_secure_boot": false
                  }
                ],
                "spot": false,
                "tags": [
                  "gke-node"
                ],
                "taint": [],
                "workload_metadata_config": []
              }
            ],
            "node_locations": [
              "us-east1-b",
              "us-east1-c",
              "us-east1-d"
            ],
            "node_pool": [
              {
                "autoscaling": [
                  {
                    "location_policy": "BALANCED",
                    "max_node_count": 3,
                    "min_node_count": 1,
                    "total_max_node_count": 0,
                    "total_min_node_count": 0
                  }
                ],
                "initial_node_count": 1,
                "instance_group_urls": [
                  "https://www.googleapis.com/compute/v1/projects/ces-igniteprogram/zones/us-east1-b/instanceGroupManagers/gke-lais-clustergke--lais-node-pool-d-203ab9ec-grp",
                  "https://www.googleapis.com/compute/v1/projects/ces-igniteprogram/zones/us-east1-d/instanceGroupManagers/gke-lais-clustergke--lais-node-pool-d-f12ec87a-grp",
                  "https://www.googleapis.com/compute/v1/projects/ces-igniteprogram/zones/us-east1-c/instanceGroupManagers/gke-lais-clustergke--lais-node-pool-d-59ec115d-grp"
                ],
                "managed_instance_group_urls": [
                  "https://www.googleapis.com/compute/v1/projects/ces-igniteprogram/zones/us-east1-b/instanceGroups/gke-lais-clustergke--lais-node-pool-d-203ab9ec-grp",
                  "https://www.googleapis.com/compute/v1/projects/ces-igniteprogram/zones/us-east1-d/instanceGroups/gke-lais-clustergke--lais-node-pool-d-f12ec87a-grp",
                  "https://www.googleapis.com/compute/v1/projects/ces-igniteprogram/zones/us-east1-c/instanceGroups/gke-lais-clustergke--lais-node-pool-d-59ec115d-grp"
                ],
                "management": [
                  {
                    "auto_repair": true,
                    "auto_upgrade": true
                  }
                ],
                "max_pods_per_node": 0,
                "name": "lais-node-pool-df",
                "name_prefix": "",
                "network_config": [
                  {
                    "create_pod_range": false,
                    "enable_private_nodes": false,
                    "pod_cidr_overprovision_config": [],
                    "pod_ipv4_cidr_block": "",
                    "pod_range": ""
                  }
                ],
                "node_config": [
                  {
                    "advanced_machine_features": [],
                    "boot_disk_kms_key": "",
                    "disk_size_gb": 10,
                    "disk_type": "pd-balanced",
                    "ephemeral_storage_local_ssd_config": [],
                    "gcfs_config": [],
                    "guest_accelerator": [],
                    "gvnic": [],
                    "image_type": "COS_CONTAINERD",
                    "kubelet_config": [],
                    "labels": {},
                    "linux_node_config": [],
                    "local_nvme_ssd_block_config": [],
                    "local_ssd_count": 0,
                    "logging_variant": "DEFAULT",
                    "machine_type": "e2-medium",
                    "metadata": {
                      "disable-legacy-endpoints": "true"
                    },
                    "min_cpu_platform": "",
                    "node_group": "",
                    "oauth_scopes": [
                      "https://www.googleapis.com/auth/logging.write",
                      "https://www.googleapis.com/auth/monitoring"
                    ],
                    "preemptible": false,
                    "reservation_affinity": [],
                    "resource_labels": {},
                    "service_account": "default",
                    "shielded_instance_config": [
                      {
                        "enable_integrity_monitoring": true,
                        "enable_secure_boot": false
                      }
                    ],
                    "spot": false,
                    "tags": [
                      "gke-node"
                    ],
                    "taint": [],
                    "workload_metadata_config": []
                  }
                ],
                "node_count": 1,
                "node_locations": [
                  "us-east1-b",
                  "us-east1-c",
                  "us-east1-d"
                ],
                "placement_policy": [],
                "upgrade_settings": [
                  {
                    "blue_green_settings": [],
                    "max_surge": 2,
                    "max_unavailable": 1,
                    "strategy": "SURGE"
                  }
                ],
                "version": "1.25.7-gke.1000"
              }
            ],
            "node_pool_defaults": [
              {
                "node_config_defaults": [
                  {
                    "logging_variant": "DEFAULT"
                  }
                ]
              }
            ],
            "node_version": "1.25.7-gke.1000",
            "notification_config": [
              {
                "pubsub": [
                  {
                    "enabled": false,
                    "filter": [],
                    "topic": ""
                  }
                ]
              }
            ],
            "operation": null,
            "private_cluster_config": [
              {
                "enable_private_endpoint": false,
                "enable_private_nodes": false,
                "master_global_access_config": [
                  {
                    "enabled": false
                  }
                ],
                "master_ipv4_cidr_block": "",
                "peering_name": "",
                "private_endpoint": "10.0.5.2",
                "private_endpoint_subnetwork": "",
                "public_endpoint": "34.138.229.163"
              }
            ],
            "private_ipv6_google_access": "",
            "project": "ces-igniteprogram",
            "release_channel": [
              {
                "channel": "REGULAR"
              }
            ],
            "remove_default_node_pool": true,
            "resource_labels": {},
            "resource_usage_export_config": [],
            "self_link": "https://container.googleapis.com/v1/projects/ces-igniteprogram/locations/us-east1/clusters/lais-clustergke-df",
            "service_external_ips_config": [
              {
                "enabled": false
              }
            ],
            "services_ipv4_cidr": "10.207.240.0/20",
            "subnetwork": "projects/ces-igniteprogram/regions/us-east1/subnetworks/lais-subpri-df",
            "timeouts": null,
            "tpu_ipv4_cidr_block": "",
            "vertical_pod_autoscaling": [],
            "workload_identity_config": []
          },
          "sensitive_attributes": [],
          "private": "eyJlMmJmYjczMC1lY2FhLTExZTYtOGY4OC0zNDM2M2JjN2M0YzAiOnsiY3JlYXRlIjoyNDAwMDAwMDAwMDAwLCJkZWxldGUiOjI0MDAwMDAwMDAwMDAsInJlYWQiOjI0MDAwMDAwMDAwMDAsInVwZGF0ZSI6MzYwMDAwMDAwMDAwMH0sInNjaGVtYV92ZXJzaW9uIjoiMSJ9",
          "dependencies": [
            "google_compute_network.lais-vpc-ref",
            "google_compute_subnetwork.lais-subpri-ref"
          ]
        }
      ]
    },
    {
      "mode": "managed",
      "type": "google_container_node_pool",
      "name": "lais-nodes-ref",
      "provider": "provider[\"registry.terraform.io/hashicorp/google\"]",
      "instances": [
        {
          "schema_version": 1,
          "attributes": {
            "autoscaling": [
              {
                "location_policy": "BALANCED",
                "max_node_count": 3,
                "min_node_count": 1,
                "total_max_node_count": 0,
                "total_min_node_count": 0
              }
            ],
            "cluster": "lais-clustergke-df",
            "id": "projects/ces-igniteprogram/locations/us-east1/clusters/lais-clustergke-df/nodePools/lais-node-pool-df",
            "initial_node_count": 1,
            "instance_group_urls": [
              "https://www.googleapis.com/compute/v1/projects/ces-igniteprogram/zones/us-east1-b/instanceGroupManagers/gke-lais-clustergke--lais-node-pool-d-203ab9ec-grp",
              "https://www.googleapis.com/compute/v1/projects/ces-igniteprogram/zones/us-east1-d/instanceGroupManagers/gke-lais-clustergke--lais-node-pool-d-f12ec87a-grp",
              "https://www.googleapis.com/compute/v1/projects/ces-igniteprogram/zones/us-east1-c/instanceGroupManagers/gke-lais-clustergke--lais-node-pool-d-59ec115d-grp"
            ],
            "location": "us-east1",
            "managed_instance_group_urls": [
              "https://www.googleapis.com/compute/v1/projects/ces-igniteprogram/zones/us-east1-b/instanceGroups/gke-lais-clustergke--lais-node-pool-d-203ab9ec-grp",
              "https://www.googleapis.com/compute/v1/projects/ces-igniteprogram/zones/us-east1-d/instanceGroups/gke-lais-clustergke--lais-node-pool-d-f12ec87a-grp",
              "https://www.googleapis.com/compute/v1/projects/ces-igniteprogram/zones/us-east1-c/instanceGroups/gke-lais-clustergke--lais-node-pool-d-59ec115d-grp"
            ],
            "management": [
              {
                "auto_repair": true,
                "auto_upgrade": true
              }
            ],
            "max_pods_per_node": null,
            "name": "lais-node-pool-df",
            "name_prefix": "",
            "network_config": [
              {
                "create_pod_range": false,
                "enable_private_nodes": false,
                "pod_cidr_overprovision_config": [],
                "pod_ipv4_cidr_block": "",
                "pod_range": ""
              }
            ],
            "node_config": [
              {
                "advanced_machine_features": [],
                "boot_disk_kms_key": "",
                "disk_size_gb": 10,
                "disk_type": "pd-balanced",
                "ephemeral_storage_local_ssd_config": [],
                "gcfs_config": [],
                "guest_accelerator": [],
                "gvnic": [],
                "image_type": "COS_CONTAINERD",
                "kubelet_config": [],
                "labels": {},
                "linux_node_config": [],
                "local_nvme_ssd_block_config": [],
                "local_ssd_count": 0,
                "logging_variant": "DEFAULT",
                "machine_type": "e2-medium",
                "metadata": {
                  "disable-legacy-endpoints": "true"
                },
                "min_cpu_platform": "",
                "node_group": "",
                "oauth_scopes": [
                  "https://www.googleapis.com/auth/logging.write",
                  "https://www.googleapis.com/auth/monitoring"
                ],
                "preemptible": false,
                "reservation_affinity": [],
                "resource_labels": {},
                "service_account": "default",
                "shielded_instance_config": [
                  {
                    "enable_integrity_monitoring": true,
                    "enable_secure_boot": false
                  }
                ],
                "spot": false,
                "tags": [
                  "gke-node"
                ],
                "taint": [],
                "workload_metadata_config": []
              }
            ],
            "node_count": 1,
            "node_locations": [
              "us-east1-b",
              "us-east1-c",
              "us-east1-d"
            ],
            "operation": null,
            "placement_policy": [],
            "project": "ces-igniteprogram",
            "timeouts": null,
            "upgrade_settings": [
              {
                "blue_green_settings": [],
                "max_surge": 2,
                "max_unavailable": 1,
                "strategy": "SURGE"
              }
            ],
            "version": "1.25.7-gke.1000"
          },
          "sensitive_attributes": [],
          "private": "eyJlMmJmYjczMC1lY2FhLTExZTYtOGY4OC0zNDM2M2JjN2M0YzAiOnsiY3JlYXRlIjoxODAwMDAwMDAwMDAwLCJkZWxldGUiOjE4MDAwMDAwMDAwMDAsInVwZGF0ZSI6MTgwMDAwMDAwMDAwMH0sInNjaGVtYV92ZXJzaW9uIjoiMSJ9",
          "dependencies": [
            "google_compute_network.lais-vpc-ref",
            "google_compute_subnetwork.lais-subpri-ref",
            "google_container_cluster.lais-clustergke-ref"
          ]
        }
      ]
    }
  ],
  "check_results": null
}
